
Microsoft Visual Studio Solution File, Format Version 12.00
# Visual Studio Version 16
VisualStudioVersion = 16.0.31205.134
MinimumVisualStudioVersion = 10.0.40219.1
Project("{9A19103F-16F7-4668-BE54-9A1E7A4F7556}") = "SyaBackend", "SyaBackend\SyaBackend.csproj", "{112DF9C6-DB17-4A05-B7BF-CDC296852207}"
EndProject
Project("{8BC9CEB8-8B4A-11D0-8D11-00A0C91BC942}") = "SYAWin32DLL", "SYAWin32DLL\SYAWin32DLL.vcxproj", "{7478AF10-132D-48AD-8DA4-C17E6A319CA6}"
EndProject
Project("{8BC9CEB8-8B4A-11D0-8D11-00A0C91BC942}") = "CLRLogger", "CLRLogger\CLRLogger.vcxproj", "{872B86DE-3A3C-4001-8B32-168F7D5B0A45}"
EndProject
Project("{8BC9CEB8-8B4A-11D0-8D11-00A0C91BC942}") = "StrConv", "StrConv\StrConv.vcxproj", "{AAD1430A-9F6F-4974-858F-8CFC49E6C28F}"
EndProject
Project("{8BC9CEB8-8B4A-11D0-8D11-00A0C91BC942}") = "StrConvPS", "StrConvPS\StrConvPS.vcxproj", "{F9D2997D-CBE3-433C-BDEF-A23042406B62}"
	ProjectSection(ProjectDependencies) = postProject
		{AAD1430A-9F6F-4974-858F-8CFC49E6C28F} = {AAD1430A-9F6F-4974-858F-8CFC49E6C28F}
	EndProjectSection
EndProject
Project("{FAE04EC0-301F-11D3-BF4B-00C04F79EFBC}") = "SYASharedDateHelper", "SYASharedDateHelper\SYASharedDateHelper.csproj", "{3319E7C8-0829-45A1-BC87-C586DE884CB5}"
EndProject
Global
	GlobalSection(SolutionConfigurationPlatforms) = preSolution
		Debug|Any CPU = Debug|Any CPU
		Debug|x64 = Debug|x64
		Debug|x86 = Debug|x86
		Release|Any CPU = Release|Any CPU
		Release|x64 = Release|x64
		Release|x86 = Release|x86
	EndGlobalSection
	GlobalSection(ProjectConfigurationPlatforms) = postSolution
		{112DF9C6-DB17-4A05-B7BF-CDC296852207}.Debug|Any CPU.ActiveCfg = Debug|Any CPU
		{112DF9C6-DB17-4A05-B7BF-CDC296852207}.Debug|Any CPU.Build.0 = Debug|Any CPU
		{112DF9C6-DB17-4A05-B7BF-CDC296852207}.Debug|x64.ActiveCfg = Debug|Any CPU
		{112DF9C6-DB17-4A05-B7BF-CDC296852207}.Debug|x64.Build.0 = Debug|Any CPU
		{112DF9C6-DB17-4A05-B7BF-CDC296852207}.Debug|x86.ActiveCfg = Debug|Any CPU
		{112DF9C6-DB17-4A05-B7BF-CDC296852207}.Debug|x86.Build.0 = Debug|Any CPU
		{112DF9C6-DB17-4A05-B7BF-CDC296852207}.Release|Any CPU.ActiveCfg = Release|Any CPU
		{112DF9C6-DB17-4A05-B7BF-CDC296852207}.Release|Any CPU.Build.0 = Release|Any CPU
		{112DF9C6-DB17-4A05-B7BF-CDC296852207}.Release|x64.ActiveCfg = Debug|Any CPU
		{112DF9C6-DB17-4A05-B7BF-CDC296852207}.Release|x64.Build.0 = Debug|Any CPU
		{112DF9C6-DB17-4A05-B7BF-CDC296852207}.Release|x86.ActiveCfg = Release|Any CPU
		{112DF9C6-DB17-4A05-B7BF-CDC296852207}.Release|x86.Build.0 = Release|Any CPU
		{7478AF10-132D-48AD-8DA4-C17E6A319CA6}.Debug|Any CPU.ActiveCfg = Debug|x64
		{7478AF10-132D-48AD-8DA4-C17E6A319CA6}.Debug|x64.ActiveCfg = Debug|x64
		{7478AF10-132D-48AD-8DA4-C17E6A319CA6}.Debug|x64.Build.0 = Debug|x64
		{7478AF10-132D-48AD-8DA4-C17E6A319CA6}.Debug|x86.ActiveCfg = Debug|Win32
		{7478AF10-132D-48AD-8DA4-C17E6A319CA6}.Debug|x86.Build.0 = Debug|Win32
		{7478AF10-132D-48AD-8DA4-C17E6A319CA6}.Release|Any CPU.ActiveCfg = Release|x64
		{7478AF10-132D-48AD-8DA4-C17E6A319CA6}.Release|x64.ActiveCfg = Release|x64
		{7478AF10-132D-48AD-8DA4-C17E6A319CA6}.Release|x64.Build.0 = Release|x64
		{7478AF10-132D-48AD-8DA4-C17E6A319CA6}.Release|x86.ActiveCfg = Release|Win32
		{7478AF10-132D-48AD-8DA4-C17E6A319CA6}.Release|x86.Build.0 = Release|Win32
		{872B86DE-3A3C-4001-8B32-168F7D5B0A45}.Debug|Any CPU.ActiveCfg = Debug|x64
		{872B86DE-3A3C-4001-8B32-168F7D5B0A45}.Debug|x64.ActiveCfg = Debug|x64
		{872B86DE-3A3C-4001-8B32-168F7D5B0A45}.Debug|x64.Build.0 = Debug|x64
		{872B86DE-3A3C-4001-8B32-168F7D5B0A45}.Debug|x86.ActiveCfg = Debug|Win32
		{872B86DE-3A3C-4001-8B32-168F7D5B0A45}.Debug|x86.Build.0 = Debug|Win32
		{872B86DE-3A3C-4001-8B32-168F7D5B0A45}.Release|Any CPU.ActiveCfg = Release|x64
		{872B86DE-3A3C-4001-8B32-168F7D5B0A45}.Release|x64.ActiveCfg = Release|x64
		{872B86DE-3A3C-4001-8B32-168F7D5B0A45}.Release|x64.Build.0 = Release|x64
		{872B86DE-3A3C-4001-8B32-168F7D5B0A45}.Release|x86.ActiveCfg = Release|Win32
		{872B86DE-3A3C-4001-8B32-168F7D5B0A45}.Release|x86.Build.0 = Release|Win32
		{AAD1430A-9F6F-4974-858F-8CFC49E6C28F}.Debug|Any CPU.ActiveCfg = Debug|Win32
		{AAD1430A-9F6F-4974-858F-8CFC49E6C28F}.Debug|x64.ActiveCfg = Debug|x64
		{AAD1430A-9F6F-4974-858F-8CFC49E6C28F}.Debug|x64.Build.0 = Debug|x64
		{AAD1430A-9F6F-4974-858F-8CFC49E6C28F}.Debug|x86.ActiveCfg = Debug|Win32
		{AAD1430A-9F6F-4974-858F-8CFC49E6C28F}.Debug|x86.Build.0 = Debug|Win32
		{AAD1430A-9F6F-4974-858F-8CFC49E6C28F}.Release|Any CPU.ActiveCfg = Release|x64
		{AAD1430A-9F6F-4974-858F-8CFC49E6C28F}.Release|x64.ActiveCfg = Release|x64
		{AAD1430A-9F6F-4974-858F-8CFC49E6C28F}.Release|x64.Build.0 = Release|x64
		{AAD1430A-9F6F-4974-858F-8CFC49E6C28F}.Release|x86.ActiveCfg = Release|Win32
		{AAD1430A-9F6F-4974-858F-8CFC49E6C28F}.Release|x86.Build.0 = Release|Win32
		{F9D2997D-CBE3-433C-BDEF-A23042406B62}.Debug|Any CPU.ActiveCfg = Debug|Win32
		{F9D2997D-CBE3-433C-BDEF-A23042406B62}.Debug|x64.ActiveCfg = Debug|x64
		{F9D2997D-CBE3-433C-BDEF-A23042406B62}.Debug|x86.ActiveCfg = Debug|Win32
		{F9D2997D-CBE3-433C-BDEF-A23042406B62}.Release|Any CPU.ActiveCfg = Release|x64
		{F9D2997D-CBE3-433C-BDEF-A23042406B62}.Release|x64.ActiveCfg = Release|x64
		{F9D2997D-CBE3-433C-BDEF-A23042406B62}.Release|x86.ActiveCfg = Release|Win32
		{3319E7C8-0829-45A1-BC87-C586DE884CB5}.Debug|Any CPU.ActiveCfg = Debug|Any CPU
		{3319E7C8-0829-45A1-BC87-C586DE884CB5}.Debug|Any CPU.Build.0 = Debug|Any CPU
		{3319E7C8-0829-45A1-BC87-C586DE884CB5}.Debug|x64.ActiveCfg = Debug|Any CPU
		{3319E7C8-0829-45A1-BC87-C586DE884CB5}.Debug|x64.Build.0 = Debug|Any CPU
		{3319E7C8-0829-45A1-BC87-C586DE884CB5}.Debug|x86.ActiveCfg = Debug|Any CPU
		{3319E7C8-0829-45A1-BC87-C586DE884CB5}.Debug|x86.Build.0 = Debug|Any CPU
		{3319E7C8-0829-45A1-BC87-C586DE884CB5}.Release|Any CPU.ActiveCfg = Release|Any CPU
		{3319E7C8-0829-45A1-BC87-C586DE884CB5}.Release|Any CPU.Build.0 = Release|Any CPU
		{3319E7C8-0829-45A1-BC87-C586DE884CB5}.Release|x64.ActiveCfg = Release|Any CPU
		{3319E7C8-0829-45A1-BC87-C586DE884CB5}.Release|x64.Build.0 = Release|Any CPU
		{3319E7C8-0829-45A1-BC87-C586DE884CB5}.Release|x86.ActiveCfg = Release|Any CPU
		{3319E7C8-0829-45A1-BC87-C586DE884CB5}.Release|x86.Build.0 = Release|Any CPU
	EndGlobalSection
	GlobalSection(SolutionProperties) = preSolution
		HideSolutionNode = FALSE
	EndGlobalSection
	GlobalSection(ExtensibilityGlobals) = postSolution
		SolutionGuid = {EAA29958-85D5-41C8-97D1-0F8FF54FF602}
	EndGlobalSection
EndGlobal
